
Microsoft Visual Studio Solution File, Format Version 12.00
# Visual Studio Version 16
VisualStudioVersion = 16.0.30804.86
MinimumVisualStudioVersion = 10.0.40219.1
Project("{FAE04EC0-301F-11D3-BF4B-00C04F79EFBC}") = "Szpitalnex.Core", "Szpitalnex.Core\Szpitalnex.Core.csproj", "{7FF7DC1F-930C-4360-A2A4-717598EFAEAF}"
EndProject
Project("{FAE04EC0-301F-11D3-BF4B-00C04F79EFBC}") = "Szpitalnex.Infrastructure", "Szpitalnex.Infrastructure\Szpitalnex.Infrastructure.csproj", "{CE8D2468-BC77-4316-A8D4-C5DECD3018A0}"
EndProject
Project("{FAE04EC0-301F-11D3-BF4B-00C04F79EFBC}") = "Szpitalnex.Api", "Szpitalnex.Api\Szpitalnex.Api.csproj", "{43F9AD5F-65D3-4EBD-A069-AE20286282FE}"
EndProject
Global
	GlobalSection(SolutionConfigurationPlatforms) = preSolution
		Debug|Any CPU = Debug|Any CPU
		Release|Any CPU = Release|Any CPU
	EndGlobalSection
	GlobalSection(ProjectConfigurationPlatforms) = postSolution
		{7FF7DC1F-930C-4360-A2A4-717598EFAEAF}.Debug|Any CPU.ActiveCfg = Debug|Any CPU
		{7FF7DC1F-930C-4360-A2A4-717598EFAEAF}.Debug|Any CPU.Build.0 = Debug|Any CPU
		{7FF7DC1F-930C-4360-A2A4-717598EFAEAF}.Release|Any CPU.ActiveCfg = Release|Any CPU
		{7FF7DC1F-930C-4360-A2A4-717598EFAEAF}.Release|Any CPU.Build.0 = Release|Any CPU
		{CE8D2468-BC77-4316-A8D4-C5DECD3018A0}.Debug|Any CPU.ActiveCfg = Debug|Any CPU
		{CE8D2468-BC77-4316-A8D4-C5DECD3018A0}.Debug|Any CPU.Build.0 = Debug|Any CPU
		{CE8D2468-BC77-4316-A8D4-C5DECD3018A0}.Release|Any CPU.ActiveCfg = Release|Any CPU
		{CE8D2468-BC77-4316-A8D4-C5DECD3018A0}.Release|Any CPU.Build.0 = Release|Any CPU
		{43F9AD5F-65D3-4EBD-A069-AE20286282FE}.Debug|Any CPU.ActiveCfg = Debug|Any CPU
		{43F9AD5F-65D3-4EBD-A069-AE20286282FE}.Debug|Any CPU.Build.0 = Debug|Any CPU
		{43F9AD5F-65D3-4EBD-A069-AE20286282FE}.Release|Any CPU.ActiveCfg = Release|Any CPU
		{43F9AD5F-65D3-4EBD-A069-AE20286282FE}.Release|Any CPU.Build.0 = Release|Any CPU
	EndGlobalSection
	GlobalSection(SolutionProperties) = preSolution
		HideSolutionNode = FALSE
	EndGlobalSection
	GlobalSection(ExtensibilityGlobals) = postSolution
		SolutionGuid = {91F8FFB9-EACB-431F-AB7A-FE448F55091F}
	EndGlobalSection
EndGlobal
